
Microsoft Visual Studio Solution File, Format Version 12.00
# Visual Studio Version 17
VisualStudioVersion = 17.4.33213.308
MinimumVisualStudioVersion = 10.0.40219.1
Project("{FAE04EC0-301F-11D3-BF4B-00C04F79EFBC}") = "ApiDemo", "ApiDemo\ApiDemo.csproj", "{ED905DDA-E847-43FB-8EA9-A0463D912AC9}"
EndProject
Project("{FAE04EC0-301F-11D3-BF4B-00C04F79EFBC}") = "Core", "Core\Core.csproj", "{A07DE489-5A43-44CD-8BDC-B42DDC775038}"
EndProject
Project("{FAE04EC0-301F-11D3-BF4B-00C04F79EFBC}") = "Infrastructure", "Infrastructure\Infrastructure.csproj", "{58F0B061-614D-4995-86A5-3C277C4B2A08}"
EndProject
Global
	GlobalSection(SolutionConfigurationPlatforms) = preSolution
		Debug|Any CPU = Debug|Any CPU
		Release|Any CPU = Release|Any CPU
	EndGlobalSection
	GlobalSection(ProjectConfigurationPlatforms) = postSolution
		{ED905DDA-E847-43FB-8EA9-A0463D912AC9}.Debug|Any CPU.ActiveCfg = Debug|Any CPU
		{ED905DDA-E847-43FB-8EA9-A0463D912AC9}.Debug|Any CPU.Build.0 = Debug|Any CPU
		{ED905DDA-E847-43FB-8EA9-A0463D912AC9}.Release|Any CPU.ActiveCfg = Release|Any CPU
		{ED905DDA-E847-43FB-8EA9-A0463D912AC9}.Release|Any CPU.Build.0 = Release|Any CPU
		{A07DE489-5A43-44CD-8BDC-B42DDC775038}.Debug|Any CPU.ActiveCfg = Debug|Any CPU
		{A07DE489-5A43-44CD-8BDC-B42DDC775038}.Debug|Any CPU.Build.0 = Debug|Any CPU
		{A07DE489-5A43-44CD-8BDC-B42DDC775038}.Release|Any CPU.ActiveCfg = Release|Any CPU
		{A07DE489-5A43-44CD-8BDC-B42DDC775038}.Release|Any CPU.Build.0 = Release|Any CPU
		{58F0B061-614D-4995-86A5-3C277C4B2A08}.Debug|Any CPU.ActiveCfg = Debug|Any CPU
		{58F0B061-614D-4995-86A5-3C277C4B2A08}.Debug|Any CPU.Build.0 = Debug|Any CPU
		{58F0B061-614D-4995-86A5-3C277C4B2A08}.Release|Any CPU.ActiveCfg = Release|Any CPU
		{58F0B061-614D-4995-86A5-3C277C4B2A08}.Release|Any CPU.Build.0 = Release|Any CPU
	EndGlobalSection
	GlobalSection(SolutionProperties) = preSolution
		HideSolutionNode = FALSE
	EndGlobalSection
	GlobalSection(ExtensibilityGlobals) = postSolution
		SolutionGuid = {50082FB8-0928-420F-AEA3-C4A0D72C4D94}
	EndGlobalSection
EndGlobal
